<?xml version="1.0" encoding="utf-8"?>
<Project ToolsVersion="4.0" xmlns="http://schemas.microsoft.com/developer/msbuild/2003">
  <ItemGroup>
    <Filter Include="소스 파일">
      <UniqueIdentifier>{4FC737F1-C7A5-4376-A066-2A32D752A2FF}</UniqueIdentifier>
      <Extensions>cpp;c;cc;cxx;c++;cppm;ixx;def;odl;idl;hpj;bat;asm;asmx</Extensions>
    </Filter>
    <Filter Include="헤더 파일">
      <UniqueIdentifier>{93995380-89BD-4b04-88EB-625FBE52EBFB}</UniqueIdentifier>
      <Extensions>h;hh;hpp;hxx;h++;hm;inl;inc;ipp;xsd</Extensions>
    </Filter>
    <Filter Include="리소스 파일">
      <UniqueIdentifier>{67DA6AB6-F800-4c08-8B7A-83BB121AAD01}</UniqueIdentifier>
      <Extensions>rc;ico;cur;bmp;dlg;rc2;rct;bin;rgs;gif;jpg;jpeg;jpe;resx;tiff;tif;png;wav;mfcribbon-ms</Extensions>
    </Filter>
    <Filter Include="소스 파일\Function">
      <UniqueIdentifier>{e4c500d4-c271-4992-92db-a8c4670fcd17}</UniqueIdentifier>
    </Filter>
    <Filter Include="소스 파일\Structure">
      <UniqueIdentifier>{f9997d93-e7b9-4699-a754-5b8a98452755}</UniqueIdentifier>
    </Filter>
    <Filter Include="소스 파일\Function\Searcher">
      <UniqueIdentifier>{895e29ee-9810-49e8-b299-6af2a026d056}</UniqueIdentifier>
    </Filter>
    <Filter Include="소스 파일\Function\Visualization">
      <UniqueIdentifier>{1ae20d19-b39c-4302-96d3-1b5e3cafdfb9}</UniqueIdentifier>
    </Filter>
    <Filter Include="소스 파일\Function\Parser">
      <UniqueIdentifier>{f7a59519-801e-46d7-a9f4-61cfe30e2b35}</UniqueIdentifier>
    </Filter>
  </ItemGroup>
  <ItemGroup>
    <ClInclude Include="framework.h">
      <Filter>헤더 파일</Filter>
    </ClInclude>
    <ClInclude Include="pch.h">
      <Filter>헤더 파일</Filter>
    </ClInclude>
  </ItemGroup>
  <ItemGroup>
    <ClCompile Include="pch.c">
      <Filter>소스 파일</Filter>
    </ClCompile>
    <ClCompile Include="findPacket.c">
      <Filter>소스 파일\Function\Searcher</Filter>
    </ClCompile>
    <ClCompile Include="drawGraph.c">
      <Filter>소스 파일\Function\Visualization</Filter>
    </ClCompile>
    <ClCompile Include="parsePcap.c">
      <Filter>소스 파일\Function\Parser</Filter>
    </ClCompile>
    <ClCompile Include="Pcap_structure.c">
      <Filter>소스 파일\Structure</Filter>
    </ClCompile>
    <ClCompile Include="infoTime.c">
      <Filter>소스 파일\Structure</Filter>
    </ClCompile>
    <ClCompile Include="packetHeader.c">
      <Filter>소스 파일\Structure</Filter>
    </ClCompile>
  </ItemGroup>
</Project>